
Microsoft Visual Studio Solution File, Format Version 12.00
# Visual Studio 14
VisualStudioVersion = 14.0.24720.0
MinimumVisualStudioVersion = 10.0.40219.1
Project("{FAE04EC0-301F-11D3-BF4B-00C04F79EFBC}") = "02. Instruction Set", "Instruction Set\02. Instruction Set.csproj", "{AC016AF7-FE87-4FD9-8AB8-4DEAF1626F96}"
EndProject
Project("{2150E333-8FDC-42A3-9474-1A3956D46DE8}") = "02. Debugging lab", "02. Debugging lab", "{4C5F5A9B-F2E1-4CB6-8FB6-87301213ED2A}"
EndProject
Project("{FAE04EC0-301F-11D3-BF4B-00C04F79EFBC}") = "03. Be Positive", "Be Positive\03. Be Positive.csproj", "{21E76997-4630-403F-B2F7-F81D55631269}"
EndProject
Project("{FAE04EC0-301F-11D3-BF4B-00C04F79EFBC}") = "04. Array Test", "Array Test\04. Array Test.csproj", "{32330ACC-67E9-4A6B-AC12-DC2777AD0355}"
EndProject
Project("{FAE04EC0-301F-11D3-BF4B-00C04F79EFBC}") = "05. Substring", "Substring\05. Substring.csproj", "{74EE813D-C6C7-4F72-BBF8-9773680E5CFE}"
EndProject
Project("{FAE04EC0-301F-11D3-BF4B-00C04F79EFBC}") = "06. Bit Carousel", "Bit Carousel\06. Bit Carousel.csproj", "{C48D48BA-214D-4BD9-B4C4-E3465665E453}"
EndProject
Project("{2150E333-8FDC-42A3-9474-1A3956D46DE8}") = "01. Exam Problems Practice", "01. Exam Problems Practice", "{3B1E7CC1-148F-475A-9814-A9A579E9C2F4}"
EndProject
Project("{FAE04EC0-301F-11D3-BF4B-00C04F79EFBC}") = "01. Plus-Remove", "Plus-Remove\01. Plus-Remove.csproj", "{791CCAF6-2117-412D-93E7-A21D704A9791}"
EndProject
Project("{FAE04EC0-301F-11D3-BF4B-00C04F79EFBC}") = "02. String Matrix Rotation", "String Matrix Rotation\02. String Matrix Rotation.csproj", "{DFA248CE-93A0-4133-95D4-77E3DCE194B5}"
EndProject
Project("{FAE04EC0-301F-11D3-BF4B-00C04F79EFBC}") = "03. Extract Hyperlinks", "Extract Hyperlinks\03. Extract Hyperlinks.csproj", "{E8928A1C-FA53-45D9-B774-88B821BD9F32}"
EndProject
Project("{FAE04EC0-301F-11D3-BF4B-00C04F79EFBC}") = "04. Query Mess", "Query Mess\04. Query Mess.csproj", "{29BDF9FD-AE19-43F0-A287-6253B87A3938}"
EndProject
Project("{FAE04EC0-301F-11D3-BF4B-00C04F79EFBC}") = "06. X-Removal", "X-Removal\06. X-Removal.csproj", "{629D49ED-56EB-4805-850A-42E0DC4620ED}"
EndProject
Project("{FAE04EC0-301F-11D3-BF4B-00C04F79EFBC}") = "07. Vladkos Notebook", "Vladkos Notebook\07. Vladkos Notebook.csproj", "{3BDF2C46-9B58-4D87-89FA-CA74DBF1D37C}"
EndProject
Project("{FAE04EC0-301F-11D3-BF4B-00C04F79EFBC}") = "08. Text Gravity", "Text Gravity\08. Text Gravity.csproj", "{4C31EF1B-D5D9-4142-9585-D903DBFB6511}"
EndProject
Project("{FAE04EC0-301F-11D3-BF4B-00C04F79EFBC}") = "09. Uppercase Words", "Uppercase Words\09. Uppercase Words.csproj", "{DD3648C7-1B9E-4031-B8BF-9589DCF596A4}"
EndProject
Project("{FAE04EC0-301F-11D3-BF4B-00C04F79EFBC}") = "18. PIN Validation", "PIN Validation\18. PIN Validation.csproj", "{F27D1AC2-2DE5-4E44-A07C-55B5BE07AF2B}"
EndProject
Project("{FAE04EC0-301F-11D3-BF4B-00C04F79EFBC}") = "12. Phone Numbers", "Phone Numbers\12. Phone Numbers.csproj", "{0D1B522B-0E38-4E3A-8D93-B2242AF60E22}"
EndProject
Project("{FAE04EC0-301F-11D3-BF4B-00C04F79EFBC}") = "14. Matrix Shuffle", "Matrix Shuffle\14. Matrix Shuffle.csproj", "{05BC261E-FCA6-42BC-A032-A5F9D08EDF6B}"
EndProject
Project("{FAE04EC0-301F-11D3-BF4B-00C04F79EFBC}") = "17. Biggest Table Row", "Biggest Table Row\17. Biggest Table Row.csproj", "{6AD22657-F4C4-480D-9DE4-3439E5F1D775}"
EndProject
Project("{FAE04EC0-301F-11D3-BF4B-00C04F79EFBC}") = "15. The Numbers", "The Numbers\15. The Numbers.csproj", "{7DA753CA-9BB9-4A33-BAA8-5C42E9EC3708}"
EndProject
Project("{FAE04EC0-301F-11D3-BF4B-00C04F79EFBC}") = "13. Sum Of All Values", "Sum Of All Values\13. Sum Of All Values.csproj", "{2F99826A-434E-43A4-8D03-DD0145633E4A}"
EndProject
Project("{FAE04EC0-301F-11D3-BF4B-00C04F79EFBC}") = "20. O My Girl", "O My Girl\20. O My Girl.csproj", "{F58698E2-DD13-4D9D-B463-003088F8E630}"
EndProject
Project("{FAE04EC0-301F-11D3-BF4B-00C04F79EFBC}") = "16. Parachute", "Parachute\16. Parachute.csproj", "{76F434A3-6BED-4C5C-8E32-11FD538DECE8}"
EndProject
Project("{FAE04EC0-301F-11D3-BF4B-00C04F79EFBC}") = "19. Chat Logger", "Chat Logger\19. Chat Logger.csproj", "{38180387-67EC-4D4E-B390-904F6C04034F}"
EndProject
Project("{FAE04EC0-301F-11D3-BF4B-00C04F79EFBC}") = "05. Semantic HTML", "Semantic HTML\05. Semantic HTML.csproj", "{9D6C00E3-8F0B-4FF0-A197-993460D1DB7F}"
EndProject
Project("{FAE04EC0-301F-11D3-BF4B-00C04F79EFBC}") = "21. IT Village", "IT Village\21. IT Village.csproj", "{7ADD3783-5978-4479-9EBB-50626362ED08}"
EndProject
Project("{FAE04EC0-301F-11D3-BF4B-00C04F79EFBC}") = "10. Clearing Commands", "Clearing Commands\10. Clearing Commands.csproj", "{FABD36EC-211F-4838-A82E-E8EF6E5D929F}"
EndProject
Project("{FAE04EC0-301F-11D3-BF4B-00C04F79EFBC}") = "11. Little John", "Little John\11. Little John.csproj", "{A8DB2947-2294-4578-87EE-86F554BA7F14}"
EndProject
Project("{2150E333-8FDC-42A3-9474-1A3956D46DE8}") = "03. Algorithms Lab", "03. Algorithms Lab", "{3E0A7463-CAEB-4B11-9208-30D3BD4753DE}"
EndProject
Project("{FAE04EC0-301F-11D3-BF4B-00C04F79EFBC}") = "01. Prime Factorization", "Prime Factorization\01. Prime Factorization.csproj", "{70D31B29-2CC9-4F48-ADF1-01A5C060FCE0}"
EndProject
Project("{FAE04EC0-301F-11D3-BF4B-00C04F79EFBC}") = "02. Sieve of Eratosthenes", "Sieve of Eratosthenes\02. Sieve of Eratosthenes.csproj", "{32B6C198-0CF5-4AED-982A-A15CF35D44DF}"
EndProject
Project("{FAE04EC0-301F-11D3-BF4B-00C04F79EFBC}") = "03. Insertion Sort", "Insertion Sort\03. Insertion Sort.csproj", "{FE344469-D72B-48DB-86BF-9802BB4A4384}"
EndProject
Project("{FAE04EC0-301F-11D3-BF4B-00C04F79EFBC}") = "04. Binary Search", "Binary Search\04. Binary Search.csproj", "{1504215D-0C48-422F-BEB8-FDA2EBD3DDDD}"
EndProject
Project("{FAE04EC0-301F-11D3-BF4B-00C04F79EFBC}") = "05. Largest Rectangle", "Largest Rectangle\05. Largest Rectangle.csproj", "{652A0A4F-3F8B-4F57-B30A-C79C719476C5}"
EndProject
Project("{2150E333-8FDC-42A3-9474-1A3956D46DE8}") = "04. Exam 2015-May-31", "04. Exam 2015-May-31", "{5DEA7F54-01B2-4C62-8380-679A33DF574C}"
EndProject
Project("{FAE04EC0-301F-11D3-BF4B-00C04F79EFBC}") = "01. Command Interpreter", "Command Interpreter\01. Command Interpreter.csproj", "{8A9DB233-9F2F-4812-8E63-17C2DF4FBF46}"
EndProject
Project("{FAE04EC0-301F-11D3-BF4B-00C04F79EFBC}") = "02. Target Practice", "Target Practice\02. Target Practice.csproj", "{B1E0AE93-1BE2-49E8-AD76-2C03AA6EF01E}"
EndProject
Project("{FAE04EC0-301F-11D3-BF4B-00C04F79EFBC}") = "03. Text Transformer", "Text Transformer\03. Text Transformer.csproj", "{C45BD481-C520-4FB4-8728-5A1A00B0C431}"
EndProject
Project("{FAE04EC0-301F-11D3-BF4B-00C04F79EFBC}") = "04. Olympics Are Coming", "Olympics Are Coming\04. Olympics Are Coming.csproj", "{47130C20-3441-4DD2-956B-45A60979EB81}"
EndProject
Project("{2150E333-8FDC-42A3-9474-1A3956D46DE8}") = "05. Exam 2015-July-19", "05. Exam 2015-July-19", "{2882DB53-26F3-4D5D-A877-C22F59F00AE1}"
EndProject
Project("{FAE04EC0-301F-11D3-BF4B-00C04F79EFBC}") = "01. Bunker Buster", "Bunker Buster\01. Bunker Buster.csproj", "{58588859-2856-4127-B71F-AFF9A1F0893A}"
EndProject
Project("{FAE04EC0-301F-11D3-BF4B-00C04F79EFBC}") = "02. Array Slider", "Array Slider\02. Array Slider.csproj", "{3CCDD599-0A67-49FE-8879-9909FA4A473A}"
EndProject
Project("{FAE04EC0-301F-11D3-BF4B-00C04F79EFBC}") = "03. Rage Quit", "Rage Quit\03. Rage Quit.csproj", "{1BD16076-4EEC-49EB-B186-ADF813461BCD}"
EndProject
Project("{FAE04EC0-301F-11D3-BF4B-00C04F79EFBC}") = "04. Population Counter", "Population Counter\04. Population Counter.csproj", "{9B143DA8-0B60-498D-85B9-FD1034086D74}"
EndProject
Project("{2150E333-8FDC-42A3-9474-1A3956D46DE8}") = "06. Exam 2015-October-11", "06. Exam 2015-October-11", "{BB80F06F-C780-48E0-81D6-6380E554966F}"
EndProject
Project("{FAE04EC0-301F-11D3-BF4B-00C04F79EFBC}") = "01. Array Manipulator", "Array Manipulator\01. Array Manipulator.csproj", "{BA4D5AD7-1B77-42DD-9B48-CF56FB5E3C2B}"
EndProject
Project("{FAE04EC0-301F-11D3-BF4B-00C04F79EFBC}") = "02. Radioactive Bunnies", "Radioactive Bunnies\02. Radioactive Bunnies.csproj", "{27934F1E-6A35-4410-A36D-160877729330}"
EndProject
Project("{FAE04EC0-301F-11D3-BF4B-00C04F79EFBC}") = "03. Shmoogle Counter", "Shmoogle Counter\03. Shmoogle Counter.csproj", "{CF72C576-9082-45B4-971A-598BD8CDD097}"
EndProject
Project("{FAE04EC0-301F-11D3-BF4B-00C04F79EFBC}") = "04. Srabsko Unleashed", "Srabsko Unleashed\04. Srabsko Unleashed.csproj", "{7A41ECFB-8CF7-4411-BA19-5AE7C5D73F73}"
EndProject
Global
	GlobalSection(SolutionConfigurationPlatforms) = preSolution
		Debug|Any CPU = Debug|Any CPU
		Release|Any CPU = Release|Any CPU
	EndGlobalSection
	GlobalSection(ProjectConfigurationPlatforms) = postSolution
		{AC016AF7-FE87-4FD9-8AB8-4DEAF1626F96}.Debug|Any CPU.ActiveCfg = Debug|Any CPU
		{AC016AF7-FE87-4FD9-8AB8-4DEAF1626F96}.Debug|Any CPU.Build.0 = Debug|Any CPU
		{AC016AF7-FE87-4FD9-8AB8-4DEAF1626F96}.Release|Any CPU.ActiveCfg = Release|Any CPU
		{AC016AF7-FE87-4FD9-8AB8-4DEAF1626F96}.Release|Any CPU.Build.0 = Release|Any CPU
		{21E76997-4630-403F-B2F7-F81D55631269}.Debug|Any CPU.ActiveCfg = Debug|Any CPU
		{21E76997-4630-403F-B2F7-F81D55631269}.Debug|Any CPU.Build.0 = Debug|Any CPU
		{21E76997-4630-403F-B2F7-F81D55631269}.Release|Any CPU.ActiveCfg = Release|Any CPU
		{21E76997-4630-403F-B2F7-F81D55631269}.Release|Any CPU.Build.0 = Release|Any CPU
		{32330ACC-67E9-4A6B-AC12-DC2777AD0355}.Debug|Any CPU.ActiveCfg = Debug|Any CPU
		{32330ACC-67E9-4A6B-AC12-DC2777AD0355}.Debug|Any CPU.Build.0 = Debug|Any CPU
		{32330ACC-67E9-4A6B-AC12-DC2777AD0355}.Release|Any CPU.ActiveCfg = Release|Any CPU
		{32330ACC-67E9-4A6B-AC12-DC2777AD0355}.Release|Any CPU.Build.0 = Release|Any CPU
		{74EE813D-C6C7-4F72-BBF8-9773680E5CFE}.Debug|Any CPU.ActiveCfg = Debug|Any CPU
		{74EE813D-C6C7-4F72-BBF8-9773680E5CFE}.Debug|Any CPU.Build.0 = Debug|Any CPU
		{74EE813D-C6C7-4F72-BBF8-9773680E5CFE}.Release|Any CPU.ActiveCfg = Release|Any CPU
		{74EE813D-C6C7-4F72-BBF8-9773680E5CFE}.Release|Any CPU.Build.0 = Release|Any CPU
		{C48D48BA-214D-4BD9-B4C4-E3465665E453}.Debug|Any CPU.ActiveCfg = Debug|Any CPU
		{C48D48BA-214D-4BD9-B4C4-E3465665E453}.Debug|Any CPU.Build.0 = Debug|Any CPU
		{C48D48BA-214D-4BD9-B4C4-E3465665E453}.Release|Any CPU.ActiveCfg = Release|Any CPU
		{C48D48BA-214D-4BD9-B4C4-E3465665E453}.Release|Any CPU.Build.0 = Release|Any CPU
		{791CCAF6-2117-412D-93E7-A21D704A9791}.Debug|Any CPU.ActiveCfg = Debug|Any CPU
		{791CCAF6-2117-412D-93E7-A21D704A9791}.Debug|Any CPU.Build.0 = Debug|Any CPU
		{791CCAF6-2117-412D-93E7-A21D704A9791}.Release|Any CPU.ActiveCfg = Release|Any CPU
		{791CCAF6-2117-412D-93E7-A21D704A9791}.Release|Any CPU.Build.0 = Release|Any CPU
		{DFA248CE-93A0-4133-95D4-77E3DCE194B5}.Debug|Any CPU.ActiveCfg = Debug|Any CPU
		{DFA248CE-93A0-4133-95D4-77E3DCE194B5}.Debug|Any CPU.Build.0 = Debug|Any CPU
		{DFA248CE-93A0-4133-95D4-77E3DCE194B5}.Release|Any CPU.ActiveCfg = Release|Any CPU
		{DFA248CE-93A0-4133-95D4-77E3DCE194B5}.Release|Any CPU.Build.0 = Release|Any CPU
		{E8928A1C-FA53-45D9-B774-88B821BD9F32}.Debug|Any CPU.ActiveCfg = Debug|Any CPU
		{E8928A1C-FA53-45D9-B774-88B821BD9F32}.Debug|Any CPU.Build.0 = Debug|Any CPU
		{E8928A1C-FA53-45D9-B774-88B821BD9F32}.Release|Any CPU.ActiveCfg = Release|Any CPU
		{E8928A1C-FA53-45D9-B774-88B821BD9F32}.Release|Any CPU.Build.0 = Release|Any CPU
		{29BDF9FD-AE19-43F0-A287-6253B87A3938}.Debug|Any CPU.ActiveCfg = Debug|Any CPU
		{29BDF9FD-AE19-43F0-A287-6253B87A3938}.Debug|Any CPU.Build.0 = Debug|Any CPU
		{29BDF9FD-AE19-43F0-A287-6253B87A3938}.Release|Any CPU.ActiveCfg = Release|Any CPU
		{29BDF9FD-AE19-43F0-A287-6253B87A3938}.Release|Any CPU.Build.0 = Release|Any CPU
		{629D49ED-56EB-4805-850A-42E0DC4620ED}.Debug|Any CPU.ActiveCfg = Debug|Any CPU
		{629D49ED-56EB-4805-850A-42E0DC4620ED}.Debug|Any CPU.Build.0 = Debug|Any CPU
		{629D49ED-56EB-4805-850A-42E0DC4620ED}.Release|Any CPU.ActiveCfg = Release|Any CPU
		{629D49ED-56EB-4805-850A-42E0DC4620ED}.Release|Any CPU.Build.0 = Release|Any CPU
		{3BDF2C46-9B58-4D87-89FA-CA74DBF1D37C}.Debug|Any CPU.ActiveCfg = Debug|Any CPU
		{3BDF2C46-9B58-4D87-89FA-CA74DBF1D37C}.Debug|Any CPU.Build.0 = Debug|Any CPU
		{3BDF2C46-9B58-4D87-89FA-CA74DBF1D37C}.Release|Any CPU.ActiveCfg = Release|Any CPU
		{3BDF2C46-9B58-4D87-89FA-CA74DBF1D37C}.Release|Any CPU.Build.0 = Release|Any CPU
		{4C31EF1B-D5D9-4142-9585-D903DBFB6511}.Debug|Any CPU.ActiveCfg = Debug|Any CPU
		{4C31EF1B-D5D9-4142-9585-D903DBFB6511}.Debug|Any CPU.Build.0 = Debug|Any CPU
		{4C31EF1B-D5D9-4142-9585-D903DBFB6511}.Release|Any CPU.ActiveCfg = Release|Any CPU
		{4C31EF1B-D5D9-4142-9585-D903DBFB6511}.Release|Any CPU.Build.0 = Release|Any CPU
		{DD3648C7-1B9E-4031-B8BF-9589DCF596A4}.Debug|Any CPU.ActiveCfg = Debug|Any CPU
		{DD3648C7-1B9E-4031-B8BF-9589DCF596A4}.Debug|Any CPU.Build.0 = Debug|Any CPU
		{DD3648C7-1B9E-4031-B8BF-9589DCF596A4}.Release|Any CPU.ActiveCfg = Release|Any CPU
		{DD3648C7-1B9E-4031-B8BF-9589DCF596A4}.Release|Any CPU.Build.0 = Release|Any CPU
		{F27D1AC2-2DE5-4E44-A07C-55B5BE07AF2B}.Debug|Any CPU.ActiveCfg = Debug|Any CPU
		{F27D1AC2-2DE5-4E44-A07C-55B5BE07AF2B}.Debug|Any CPU.Build.0 = Debug|Any CPU
		{F27D1AC2-2DE5-4E44-A07C-55B5BE07AF2B}.Release|Any CPU.ActiveCfg = Release|Any CPU
		{F27D1AC2-2DE5-4E44-A07C-55B5BE07AF2B}.Release|Any CPU.Build.0 = Release|Any CPU
		{0D1B522B-0E38-4E3A-8D93-B2242AF60E22}.Debug|Any CPU.ActiveCfg = Debug|Any CPU
		{0D1B522B-0E38-4E3A-8D93-B2242AF60E22}.Debug|Any CPU.Build.0 = Debug|Any CPU
		{0D1B522B-0E38-4E3A-8D93-B2242AF60E22}.Release|Any CPU.ActiveCfg = Release|Any CPU
		{0D1B522B-0E38-4E3A-8D93-B2242AF60E22}.Release|Any CPU.Build.0 = Release|Any CPU
		{05BC261E-FCA6-42BC-A032-A5F9D08EDF6B}.Debug|Any CPU.ActiveCfg = Debug|Any CPU
		{05BC261E-FCA6-42BC-A032-A5F9D08EDF6B}.Debug|Any CPU.Build.0 = Debug|Any CPU
		{05BC261E-FCA6-42BC-A032-A5F9D08EDF6B}.Release|Any CPU.ActiveCfg = Release|Any CPU
		{05BC261E-FCA6-42BC-A032-A5F9D08EDF6B}.Release|Any CPU.Build.0 = Release|Any CPU
		{6AD22657-F4C4-480D-9DE4-3439E5F1D775}.Debug|Any CPU.ActiveCfg = Debug|Any CPU
		{6AD22657-F4C4-480D-9DE4-3439E5F1D775}.Debug|Any CPU.Build.0 = Debug|Any CPU
		{6AD22657-F4C4-480D-9DE4-3439E5F1D775}.Release|Any CPU.ActiveCfg = Release|Any CPU
		{6AD22657-F4C4-480D-9DE4-3439E5F1D775}.Release|Any CPU.Build.0 = Release|Any CPU
		{7DA753CA-9BB9-4A33-BAA8-5C42E9EC3708}.Debug|Any CPU.ActiveCfg = Debug|Any CPU
		{7DA753CA-9BB9-4A33-BAA8-5C42E9EC3708}.Debug|Any CPU.Build.0 = Debug|Any CPU
		{7DA753CA-9BB9-4A33-BAA8-5C42E9EC3708}.Release|Any CPU.ActiveCfg = Release|Any CPU
		{7DA753CA-9BB9-4A33-BAA8-5C42E9EC3708}.Release|Any CPU.Build.0 = Release|Any CPU
		{2F99826A-434E-43A4-8D03-DD0145633E4A}.Debug|Any CPU.ActiveCfg = Debug|Any CPU
		{2F99826A-434E-43A4-8D03-DD0145633E4A}.Debug|Any CPU.Build.0 = Debug|Any CPU
		{2F99826A-434E-43A4-8D03-DD0145633E4A}.Release|Any CPU.ActiveCfg = Release|Any CPU
		{2F99826A-434E-43A4-8D03-DD0145633E4A}.Release|Any CPU.Build.0 = Release|Any CPU
		{F58698E2-DD13-4D9D-B463-003088F8E630}.Debug|Any CPU.ActiveCfg = Debug|Any CPU
		{F58698E2-DD13-4D9D-B463-003088F8E630}.Debug|Any CPU.Build.0 = Debug|Any CPU
		{F58698E2-DD13-4D9D-B463-003088F8E630}.Release|Any CPU.ActiveCfg = Release|Any CPU
		{F58698E2-DD13-4D9D-B463-003088F8E630}.Release|Any CPU.Build.0 = Release|Any CPU
		{76F434A3-6BED-4C5C-8E32-11FD538DECE8}.Debug|Any CPU.ActiveCfg = Debug|Any CPU
		{76F434A3-6BED-4C5C-8E32-11FD538DECE8}.Debug|Any CPU.Build.0 = Debug|Any CPU
		{76F434A3-6BED-4C5C-8E32-11FD538DECE8}.Release|Any CPU.ActiveCfg = Release|Any CPU
		{76F434A3-6BED-4C5C-8E32-11FD538DECE8}.Release|Any CPU.Build.0 = Release|Any CPU
		{38180387-67EC-4D4E-B390-904F6C04034F}.Debug|Any CPU.ActiveCfg = Debug|Any CPU
		{38180387-67EC-4D4E-B390-904F6C04034F}.Debug|Any CPU.Build.0 = Debug|Any CPU
		{38180387-67EC-4D4E-B390-904F6C04034F}.Release|Any CPU.ActiveCfg = Release|Any CPU
		{38180387-67EC-4D4E-B390-904F6C04034F}.Release|Any CPU.Build.0 = Release|Any CPU
		{9D6C00E3-8F0B-4FF0-A197-993460D1DB7F}.Debug|Any CPU.ActiveCfg = Debug|Any CPU
		{9D6C00E3-8F0B-4FF0-A197-993460D1DB7F}.Debug|Any CPU.Build.0 = Debug|Any CPU
		{9D6C00E3-8F0B-4FF0-A197-993460D1DB7F}.Release|Any CPU.ActiveCfg = Release|Any CPU
		{9D6C00E3-8F0B-4FF0-A197-993460D1DB7F}.Release|Any CPU.Build.0 = Release|Any CPU
		{7ADD3783-5978-4479-9EBB-50626362ED08}.Debug|Any CPU.ActiveCfg = Debug|Any CPU
		{7ADD3783-5978-4479-9EBB-50626362ED08}.Debug|Any CPU.Build.0 = Debug|Any CPU
		{7ADD3783-5978-4479-9EBB-50626362ED08}.Release|Any CPU.ActiveCfg = Release|Any CPU
		{7ADD3783-5978-4479-9EBB-50626362ED08}.Release|Any CPU.Build.0 = Release|Any CPU
		{FABD36EC-211F-4838-A82E-E8EF6E5D929F}.Debug|Any CPU.ActiveCfg = Debug|Any CPU
		{FABD36EC-211F-4838-A82E-E8EF6E5D929F}.Debug|Any CPU.Build.0 = Debug|Any CPU
		{FABD36EC-211F-4838-A82E-E8EF6E5D929F}.Release|Any CPU.ActiveCfg = Release|Any CPU
		{FABD36EC-211F-4838-A82E-E8EF6E5D929F}.Release|Any CPU.Build.0 = Release|Any CPU
		{A8DB2947-2294-4578-87EE-86F554BA7F14}.Debug|Any CPU.ActiveCfg = Debug|Any CPU
		{A8DB2947-2294-4578-87EE-86F554BA7F14}.Debug|Any CPU.Build.0 = Debug|Any CPU
		{A8DB2947-2294-4578-87EE-86F554BA7F14}.Release|Any CPU.ActiveCfg = Release|Any CPU
		{A8DB2947-2294-4578-87EE-86F554BA7F14}.Release|Any CPU.Build.0 = Release|Any CPU
		{70D31B29-2CC9-4F48-ADF1-01A5C060FCE0}.Debug|Any CPU.ActiveCfg = Debug|Any CPU
		{70D31B29-2CC9-4F48-ADF1-01A5C060FCE0}.Debug|Any CPU.Build.0 = Debug|Any CPU
		{70D31B29-2CC9-4F48-ADF1-01A5C060FCE0}.Release|Any CPU.ActiveCfg = Release|Any CPU
		{70D31B29-2CC9-4F48-ADF1-01A5C060FCE0}.Release|Any CPU.Build.0 = Release|Any CPU
		{32B6C198-0CF5-4AED-982A-A15CF35D44DF}.Debug|Any CPU.ActiveCfg = Debug|Any CPU
		{32B6C198-0CF5-4AED-982A-A15CF35D44DF}.Debug|Any CPU.Build.0 = Debug|Any CPU
		{32B6C198-0CF5-4AED-982A-A15CF35D44DF}.Release|Any CPU.ActiveCfg = Release|Any CPU
		{32B6C198-0CF5-4AED-982A-A15CF35D44DF}.Release|Any CPU.Build.0 = Release|Any CPU
		{FE344469-D72B-48DB-86BF-9802BB4A4384}.Debug|Any CPU.ActiveCfg = Debug|Any CPU
		{FE344469-D72B-48DB-86BF-9802BB4A4384}.Debug|Any CPU.Build.0 = Debug|Any CPU
		{FE344469-D72B-48DB-86BF-9802BB4A4384}.Release|Any CPU.ActiveCfg = Release|Any CPU
		{FE344469-D72B-48DB-86BF-9802BB4A4384}.Release|Any CPU.Build.0 = Release|Any CPU
		{1504215D-0C48-422F-BEB8-FDA2EBD3DDDD}.Debug|Any CPU.ActiveCfg = Debug|Any CPU
		{1504215D-0C48-422F-BEB8-FDA2EBD3DDDD}.Debug|Any CPU.Build.0 = Debug|Any CPU
		{1504215D-0C48-422F-BEB8-FDA2EBD3DDDD}.Release|Any CPU.ActiveCfg = Release|Any CPU
		{1504215D-0C48-422F-BEB8-FDA2EBD3DDDD}.Release|Any CPU.Build.0 = Release|Any CPU
		{652A0A4F-3F8B-4F57-B30A-C79C719476C5}.Debug|Any CPU.ActiveCfg = Debug|Any CPU
		{652A0A4F-3F8B-4F57-B30A-C79C719476C5}.Debug|Any CPU.Build.0 = Debug|Any CPU
		{652A0A4F-3F8B-4F57-B30A-C79C719476C5}.Release|Any CPU.ActiveCfg = Release|Any CPU
		{652A0A4F-3F8B-4F57-B30A-C79C719476C5}.Release|Any CPU.Build.0 = Release|Any CPU
		{8A9DB233-9F2F-4812-8E63-17C2DF4FBF46}.Debug|Any CPU.ActiveCfg = Debug|Any CPU
		{8A9DB233-9F2F-4812-8E63-17C2DF4FBF46}.Debug|Any CPU.Build.0 = Debug|Any CPU
		{8A9DB233-9F2F-4812-8E63-17C2DF4FBF46}.Release|Any CPU.ActiveCfg = Release|Any CPU
		{8A9DB233-9F2F-4812-8E63-17C2DF4FBF46}.Release|Any CPU.Build.0 = Release|Any CPU
		{B1E0AE93-1BE2-49E8-AD76-2C03AA6EF01E}.Debug|Any CPU.ActiveCfg = Debug|Any CPU
		{B1E0AE93-1BE2-49E8-AD76-2C03AA6EF01E}.Debug|Any CPU.Build.0 = Debug|Any CPU
		{B1E0AE93-1BE2-49E8-AD76-2C03AA6EF01E}.Release|Any CPU.ActiveCfg = Release|Any CPU
		{B1E0AE93-1BE2-49E8-AD76-2C03AA6EF01E}.Release|Any CPU.Build.0 = Release|Any CPU
		{C45BD481-C520-4FB4-8728-5A1A00B0C431}.Debug|Any CPU.ActiveCfg = Debug|Any CPU
		{C45BD481-C520-4FB4-8728-5A1A00B0C431}.Debug|Any CPU.Build.0 = Debug|Any CPU
		{C45BD481-C520-4FB4-8728-5A1A00B0C431}.Release|Any CPU.ActiveCfg = Release|Any CPU
		{C45BD481-C520-4FB4-8728-5A1A00B0C431}.Release|Any CPU.Build.0 = Release|Any CPU
		{47130C20-3441-4DD2-956B-45A60979EB81}.Debug|Any CPU.ActiveCfg = Debug|Any CPU
		{47130C20-3441-4DD2-956B-45A60979EB81}.Debug|Any CPU.Build.0 = Debug|Any CPU
		{47130C20-3441-4DD2-956B-45A60979EB81}.Release|Any CPU.ActiveCfg = Release|Any CPU
		{47130C20-3441-4DD2-956B-45A60979EB81}.Release|Any CPU.Build.0 = Release|Any CPU
		{58588859-2856-4127-B71F-AFF9A1F0893A}.Debug|Any CPU.ActiveCfg = Debug|Any CPU
		{58588859-2856-4127-B71F-AFF9A1F0893A}.Debug|Any CPU.Build.0 = Debug|Any CPU
		{58588859-2856-4127-B71F-AFF9A1F0893A}.Release|Any CPU.ActiveCfg = Release|Any CPU
		{58588859-2856-4127-B71F-AFF9A1F0893A}.Release|Any CPU.Build.0 = Release|Any CPU
		{3CCDD599-0A67-49FE-8879-9909FA4A473A}.Debug|Any CPU.ActiveCfg = Debug|Any CPU
		{3CCDD599-0A67-49FE-8879-9909FA4A473A}.Debug|Any CPU.Build.0 = Debug|Any CPU
		{3CCDD599-0A67-49FE-8879-9909FA4A473A}.Release|Any CPU.ActiveCfg = Release|Any CPU
		{3CCDD599-0A67-49FE-8879-9909FA4A473A}.Release|Any CPU.Build.0 = Release|Any CPU
		{1BD16076-4EEC-49EB-B186-ADF813461BCD}.Debug|Any CPU.ActiveCfg = Debug|Any CPU
		{1BD16076-4EEC-49EB-B186-ADF813461BCD}.Debug|Any CPU.Build.0 = Debug|Any CPU
		{1BD16076-4EEC-49EB-B186-ADF813461BCD}.Release|Any CPU.ActiveCfg = Release|Any CPU
		{1BD16076-4EEC-49EB-B186-ADF813461BCD}.Release|Any CPU.Build.0 = Release|Any CPU
		{9B143DA8-0B60-498D-85B9-FD1034086D74}.Debug|Any CPU.ActiveCfg = Debug|Any CPU
		{9B143DA8-0B60-498D-85B9-FD1034086D74}.Debug|Any CPU.Build.0 = Debug|Any CPU
		{9B143DA8-0B60-498D-85B9-FD1034086D74}.Release|Any CPU.ActiveCfg = Release|Any CPU
		{9B143DA8-0B60-498D-85B9-FD1034086D74}.Release|Any CPU.Build.0 = Release|Any CPU
		{BA4D5AD7-1B77-42DD-9B48-CF56FB5E3C2B}.Debug|Any CPU.ActiveCfg = Debug|Any CPU
		{BA4D5AD7-1B77-42DD-9B48-CF56FB5E3C2B}.Debug|Any CPU.Build.0 = Debug|Any CPU
		{BA4D5AD7-1B77-42DD-9B48-CF56FB5E3C2B}.Release|Any CPU.ActiveCfg = Release|Any CPU
		{BA4D5AD7-1B77-42DD-9B48-CF56FB5E3C2B}.Release|Any CPU.Build.0 = Release|Any CPU
		{27934F1E-6A35-4410-A36D-160877729330}.Debug|Any CPU.ActiveCfg = Debug|Any CPU
		{27934F1E-6A35-4410-A36D-160877729330}.Debug|Any CPU.Build.0 = Debug|Any CPU
		{27934F1E-6A35-4410-A36D-160877729330}.Release|Any CPU.ActiveCfg = Release|Any CPU
		{27934F1E-6A35-4410-A36D-160877729330}.Release|Any CPU.Build.0 = Release|Any CPU
		{CF72C576-9082-45B4-971A-598BD8CDD097}.Debug|Any CPU.ActiveCfg = Debug|Any CPU
		{CF72C576-9082-45B4-971A-598BD8CDD097}.Debug|Any CPU.Build.0 = Debug|Any CPU
		{CF72C576-9082-45B4-971A-598BD8CDD097}.Release|Any CPU.ActiveCfg = Release|Any CPU
		{CF72C576-9082-45B4-971A-598BD8CDD097}.Release|Any CPU.Build.0 = Release|Any CPU
		{7A41ECFB-8CF7-4411-BA19-5AE7C5D73F73}.Debug|Any CPU.ActiveCfg = Debug|Any CPU
		{7A41ECFB-8CF7-4411-BA19-5AE7C5D73F73}.Debug|Any CPU.Build.0 = Debug|Any CPU
		{7A41ECFB-8CF7-4411-BA19-5AE7C5D73F73}.Release|Any CPU.ActiveCfg = Release|Any CPU
		{7A41ECFB-8CF7-4411-BA19-5AE7C5D73F73}.Release|Any CPU.Build.0 = Release|Any CPU
	EndGlobalSection
	GlobalSection(SolutionProperties) = preSolution
		HideSolutionNode = FALSE
	EndGlobalSection
	GlobalSection(NestedProjects) = preSolution
		{AC016AF7-FE87-4FD9-8AB8-4DEAF1626F96} = {4C5F5A9B-F2E1-4CB6-8FB6-87301213ED2A}
		{21E76997-4630-403F-B2F7-F81D55631269} = {4C5F5A9B-F2E1-4CB6-8FB6-87301213ED2A}
		{32330ACC-67E9-4A6B-AC12-DC2777AD0355} = {4C5F5A9B-F2E1-4CB6-8FB6-87301213ED2A}
		{74EE813D-C6C7-4F72-BBF8-9773680E5CFE} = {4C5F5A9B-F2E1-4CB6-8FB6-87301213ED2A}
		{C48D48BA-214D-4BD9-B4C4-E3465665E453} = {4C5F5A9B-F2E1-4CB6-8FB6-87301213ED2A}
		{791CCAF6-2117-412D-93E7-A21D704A9791} = {3B1E7CC1-148F-475A-9814-A9A579E9C2F4}
		{DFA248CE-93A0-4133-95D4-77E3DCE194B5} = {3B1E7CC1-148F-475A-9814-A9A579E9C2F4}
		{E8928A1C-FA53-45D9-B774-88B821BD9F32} = {3B1E7CC1-148F-475A-9814-A9A579E9C2F4}
		{29BDF9FD-AE19-43F0-A287-6253B87A3938} = {3B1E7CC1-148F-475A-9814-A9A579E9C2F4}
		{629D49ED-56EB-4805-850A-42E0DC4620ED} = {3B1E7CC1-148F-475A-9814-A9A579E9C2F4}
		{3BDF2C46-9B58-4D87-89FA-CA74DBF1D37C} = {3B1E7CC1-148F-475A-9814-A9A579E9C2F4}
		{4C31EF1B-D5D9-4142-9585-D903DBFB6511} = {3B1E7CC1-148F-475A-9814-A9A579E9C2F4}
		{DD3648C7-1B9E-4031-B8BF-9589DCF596A4} = {3B1E7CC1-148F-475A-9814-A9A579E9C2F4}
		{F27D1AC2-2DE5-4E44-A07C-55B5BE07AF2B} = {3B1E7CC1-148F-475A-9814-A9A579E9C2F4}
		{0D1B522B-0E38-4E3A-8D93-B2242AF60E22} = {3B1E7CC1-148F-475A-9814-A9A579E9C2F4}
		{05BC261E-FCA6-42BC-A032-A5F9D08EDF6B} = {3B1E7CC1-148F-475A-9814-A9A579E9C2F4}
		{6AD22657-F4C4-480D-9DE4-3439E5F1D775} = {3B1E7CC1-148F-475A-9814-A9A579E9C2F4}
		{7DA753CA-9BB9-4A33-BAA8-5C42E9EC3708} = {3B1E7CC1-148F-475A-9814-A9A579E9C2F4}
		{2F99826A-434E-43A4-8D03-DD0145633E4A} = {3B1E7CC1-148F-475A-9814-A9A579E9C2F4}
		{F58698E2-DD13-4D9D-B463-003088F8E630} = {3B1E7CC1-148F-475A-9814-A9A579E9C2F4}
		{76F434A3-6BED-4C5C-8E32-11FD538DECE8} = {3B1E7CC1-148F-475A-9814-A9A579E9C2F4}
		{38180387-67EC-4D4E-B390-904F6C04034F} = {3B1E7CC1-148F-475A-9814-A9A579E9C2F4}
		{9D6C00E3-8F0B-4FF0-A197-993460D1DB7F} = {3B1E7CC1-148F-475A-9814-A9A579E9C2F4}
		{7ADD3783-5978-4479-9EBB-50626362ED08} = {3B1E7CC1-148F-475A-9814-A9A579E9C2F4}
		{FABD36EC-211F-4838-A82E-E8EF6E5D929F} = {3B1E7CC1-148F-475A-9814-A9A579E9C2F4}
		{A8DB2947-2294-4578-87EE-86F554BA7F14} = {3B1E7CC1-148F-475A-9814-A9A579E9C2F4}
		{70D31B29-2CC9-4F48-ADF1-01A5C060FCE0} = {3E0A7463-CAEB-4B11-9208-30D3BD4753DE}
		{32B6C198-0CF5-4AED-982A-A15CF35D44DF} = {3E0A7463-CAEB-4B11-9208-30D3BD4753DE}
		{FE344469-D72B-48DB-86BF-9802BB4A4384} = {3E0A7463-CAEB-4B11-9208-30D3BD4753DE}
		{1504215D-0C48-422F-BEB8-FDA2EBD3DDDD} = {3E0A7463-CAEB-4B11-9208-30D3BD4753DE}
		{652A0A4F-3F8B-4F57-B30A-C79C719476C5} = {3E0A7463-CAEB-4B11-9208-30D3BD4753DE}
		{8A9DB233-9F2F-4812-8E63-17C2DF4FBF46} = {5DEA7F54-01B2-4C62-8380-679A33DF574C}
		{B1E0AE93-1BE2-49E8-AD76-2C03AA6EF01E} = {5DEA7F54-01B2-4C62-8380-679A33DF574C}
		{C45BD481-C520-4FB4-8728-5A1A00B0C431} = {5DEA7F54-01B2-4C62-8380-679A33DF574C}
		{47130C20-3441-4DD2-956B-45A60979EB81} = {5DEA7F54-01B2-4C62-8380-679A33DF574C}
		{58588859-2856-4127-B71F-AFF9A1F0893A} = {2882DB53-26F3-4D5D-A877-C22F59F00AE1}
		{3CCDD599-0A67-49FE-8879-9909FA4A473A} = {2882DB53-26F3-4D5D-A877-C22F59F00AE1}
		{1BD16076-4EEC-49EB-B186-ADF813461BCD} = {2882DB53-26F3-4D5D-A877-C22F59F00AE1}
		{9B143DA8-0B60-498D-85B9-FD1034086D74} = {2882DB53-26F3-4D5D-A877-C22F59F00AE1}
		{BA4D5AD7-1B77-42DD-9B48-CF56FB5E3C2B} = {BB80F06F-C780-48E0-81D6-6380E554966F}
		{27934F1E-6A35-4410-A36D-160877729330} = {BB80F06F-C780-48E0-81D6-6380E554966F}
		{CF72C576-9082-45B4-971A-598BD8CDD097} = {BB80F06F-C780-48E0-81D6-6380E554966F}
		{7A41ECFB-8CF7-4411-BA19-5AE7C5D73F73} = {BB80F06F-C780-48E0-81D6-6380E554966F}
	EndGlobalSection
EndGlobal
