
Microsoft Visual Studio Solution File, Format Version 12.00
# Visual Studio 14
VisualStudioVersion = 14.0.24720.0
MinimumVisualStudioVersion = 10.0.40219.1
Project("{2150E333-8FDC-42A3-9474-1A3956D46DE8}") = "01. Arrays-Lists-Stacks-Queues", "01. Arrays-Lists-Stacks-Queues", "{20F4379A-A833-49D4-BF57-7B1A9238A6AE}"
EndProject
Project("{FAE04EC0-301F-11D3-BF4B-00C04F79EFBC}") = "Lego Blocks", "Lego Blocks\Lego Blocks.csproj", "{5BE873D6-D5FC-4019-8F31-166CC0C7A567}"
EndProject
Project("{FAE04EC0-301F-11D3-BF4B-00C04F79EFBC}") = "Stuck Numbers", "Stuck Numbers\Stuck Numbers.csproj", "{AFE636F5-6F00-4E70-8AFA-D29EBB3FB06C}"
EndProject
Project("{FAE04EC0-301F-11D3-BF4B-00C04F79EFBC}") = "Pythagorean Numbers", "Pythagorean Numbers\Pythagorean Numbers.csproj", "{59C8DE8C-FB4E-4BFA-81FC-90B008FD970B}"
EndProject
Project("{2150E333-8FDC-42A3-9474-1A3956D46DE8}") = "02. MultidimensionalArrays-Sets-Dictionaries", "02. MultidimensionalArrays-Sets-Dictionaries", "{B85F3FB6-21AF-4F34-A386-94D9A8775A3C}"
EndProject
Project("{FAE04EC0-301F-11D3-BF4B-00C04F79EFBC}") = "Terrorists Win", "Terrorists Win\Terrorists Win.csproj", "{E4A5DED9-ADB5-456E-89C6-E5A98CE46E9D}"
EndProject
Project("{FAE04EC0-301F-11D3-BF4B-00C04F79EFBC}") = "To The Stars", "To The Stars\To The Stars.csproj", "{FBD2C779-C835-489D-8D37-2E4FA35E2BE5}"
EndProject
Project("{FAE04EC0-301F-11D3-BF4B-00C04F79EFBC}") = "Activity Tracker", "Activity Tracker\Activity Tracker.csproj", "{DD6500FF-03A6-4A78-85D5-B5A53C8C33D2}"
EndProject
Project("{2150E333-8FDC-42A3-9474-1A3956D46DE8}") = "03. Strings", "03. Strings", "{BF42B0DA-4BD9-4320-B2FE-133851B11152}"
EndProject
Project("{FAE04EC0-301F-11D3-BF4B-00C04F79EFBC}") = "Letters Change Numbers", "Letters Change Numbers\Letters Change Numbers.csproj", "{47A6A63D-6112-43B3-AA41-8E915EEAC66A}"
EndProject
Project("{2150E333-8FDC-42A3-9474-1A3956D46DE8}") = "04. Regex", "04. Regex", "{BF603DC3-DE05-4B81-A6B9-3FFE0097142C}"
EndProject
Project("{FAE04EC0-301F-11D3-BF4B-00C04F79EFBC}") = "Valid Usernames", "Valid Usernames\Valid Usernames.csproj", "{FA3AB36D-7CF7-40E6-A1FF-9EC8D56DC834}"
EndProject
Project("{FAE04EC0-301F-11D3-BF4B-00C04F79EFBC}") = "Use Your Chains Buddy", "Use Your Chains Buddy\Use Your Chains Buddy.csproj", "{E25EFA9F-347B-4314-B642-8E79D9164FDF}"
EndProject
Project("{2150E333-8FDC-42A3-9474-1A3956D46DE8}") = "05. Functional-Programming", "05. Functional-Programming", "{FC5CC87F-17D8-4EFF-BF50-C9E82221F1C9}"
EndProject
Project("{FAE04EC0-301F-11D3-BF4B-00C04F79EFBC}") = "Office Stuff", "Office Stuff\Office Stuff.csproj", "{0EC421B8-06DA-489F-8A08-0CA2DA60BF6E}"
EndProject
Global
	GlobalSection(SolutionConfigurationPlatforms) = preSolution
		Debug|Any CPU = Debug|Any CPU
		Release|Any CPU = Release|Any CPU
	EndGlobalSection
	GlobalSection(ProjectConfigurationPlatforms) = postSolution
		{5BE873D6-D5FC-4019-8F31-166CC0C7A567}.Debug|Any CPU.ActiveCfg = Debug|Any CPU
		{5BE873D6-D5FC-4019-8F31-166CC0C7A567}.Debug|Any CPU.Build.0 = Debug|Any CPU
		{5BE873D6-D5FC-4019-8F31-166CC0C7A567}.Release|Any CPU.ActiveCfg = Release|Any CPU
		{5BE873D6-D5FC-4019-8F31-166CC0C7A567}.Release|Any CPU.Build.0 = Release|Any CPU
		{AFE636F5-6F00-4E70-8AFA-D29EBB3FB06C}.Debug|Any CPU.ActiveCfg = Debug|Any CPU
		{AFE636F5-6F00-4E70-8AFA-D29EBB3FB06C}.Debug|Any CPU.Build.0 = Debug|Any CPU
		{AFE636F5-6F00-4E70-8AFA-D29EBB3FB06C}.Release|Any CPU.ActiveCfg = Release|Any CPU
		{AFE636F5-6F00-4E70-8AFA-D29EBB3FB06C}.Release|Any CPU.Build.0 = Release|Any CPU
		{59C8DE8C-FB4E-4BFA-81FC-90B008FD970B}.Debug|Any CPU.ActiveCfg = Debug|Any CPU
		{59C8DE8C-FB4E-4BFA-81FC-90B008FD970B}.Debug|Any CPU.Build.0 = Debug|Any CPU
		{59C8DE8C-FB4E-4BFA-81FC-90B008FD970B}.Release|Any CPU.ActiveCfg = Release|Any CPU
		{59C8DE8C-FB4E-4BFA-81FC-90B008FD970B}.Release|Any CPU.Build.0 = Release|Any CPU
		{E4A5DED9-ADB5-456E-89C6-E5A98CE46E9D}.Debug|Any CPU.ActiveCfg = Debug|Any CPU
		{E4A5DED9-ADB5-456E-89C6-E5A98CE46E9D}.Debug|Any CPU.Build.0 = Debug|Any CPU
		{E4A5DED9-ADB5-456E-89C6-E5A98CE46E9D}.Release|Any CPU.ActiveCfg = Release|Any CPU
		{E4A5DED9-ADB5-456E-89C6-E5A98CE46E9D}.Release|Any CPU.Build.0 = Release|Any CPU
		{FBD2C779-C835-489D-8D37-2E4FA35E2BE5}.Debug|Any CPU.ActiveCfg = Debug|Any CPU
		{FBD2C779-C835-489D-8D37-2E4FA35E2BE5}.Debug|Any CPU.Build.0 = Debug|Any CPU
		{FBD2C779-C835-489D-8D37-2E4FA35E2BE5}.Release|Any CPU.ActiveCfg = Release|Any CPU
		{FBD2C779-C835-489D-8D37-2E4FA35E2BE5}.Release|Any CPU.Build.0 = Release|Any CPU
		{DD6500FF-03A6-4A78-85D5-B5A53C8C33D2}.Debug|Any CPU.ActiveCfg = Debug|Any CPU
		{DD6500FF-03A6-4A78-85D5-B5A53C8C33D2}.Debug|Any CPU.Build.0 = Debug|Any CPU
		{DD6500FF-03A6-4A78-85D5-B5A53C8C33D2}.Release|Any CPU.ActiveCfg = Release|Any CPU
		{DD6500FF-03A6-4A78-85D5-B5A53C8C33D2}.Release|Any CPU.Build.0 = Release|Any CPU
		{47A6A63D-6112-43B3-AA41-8E915EEAC66A}.Debug|Any CPU.ActiveCfg = Debug|Any CPU
		{47A6A63D-6112-43B3-AA41-8E915EEAC66A}.Debug|Any CPU.Build.0 = Debug|Any CPU
		{47A6A63D-6112-43B3-AA41-8E915EEAC66A}.Release|Any CPU.ActiveCfg = Release|Any CPU
		{47A6A63D-6112-43B3-AA41-8E915EEAC66A}.Release|Any CPU.Build.0 = Release|Any CPU
		{FA3AB36D-7CF7-40E6-A1FF-9EC8D56DC834}.Debug|Any CPU.ActiveCfg = Debug|Any CPU
		{FA3AB36D-7CF7-40E6-A1FF-9EC8D56DC834}.Debug|Any CPU.Build.0 = Debug|Any CPU
		{FA3AB36D-7CF7-40E6-A1FF-9EC8D56DC834}.Release|Any CPU.ActiveCfg = Release|Any CPU
		{FA3AB36D-7CF7-40E6-A1FF-9EC8D56DC834}.Release|Any CPU.Build.0 = Release|Any CPU
		{E25EFA9F-347B-4314-B642-8E79D9164FDF}.Debug|Any CPU.ActiveCfg = Debug|Any CPU
		{E25EFA9F-347B-4314-B642-8E79D9164FDF}.Debug|Any CPU.Build.0 = Debug|Any CPU
		{E25EFA9F-347B-4314-B642-8E79D9164FDF}.Release|Any CPU.ActiveCfg = Release|Any CPU
		{E25EFA9F-347B-4314-B642-8E79D9164FDF}.Release|Any CPU.Build.0 = Release|Any CPU
		{0EC421B8-06DA-489F-8A08-0CA2DA60BF6E}.Debug|Any CPU.ActiveCfg = Debug|Any CPU
		{0EC421B8-06DA-489F-8A08-0CA2DA60BF6E}.Debug|Any CPU.Build.0 = Debug|Any CPU
		{0EC421B8-06DA-489F-8A08-0CA2DA60BF6E}.Release|Any CPU.ActiveCfg = Release|Any CPU
		{0EC421B8-06DA-489F-8A08-0CA2DA60BF6E}.Release|Any CPU.Build.0 = Release|Any CPU
	EndGlobalSection
	GlobalSection(SolutionProperties) = preSolution
		HideSolutionNode = FALSE
	EndGlobalSection
	GlobalSection(NestedProjects) = preSolution
		{5BE873D6-D5FC-4019-8F31-166CC0C7A567} = {20F4379A-A833-49D4-BF57-7B1A9238A6AE}
		{AFE636F5-6F00-4E70-8AFA-D29EBB3FB06C} = {20F4379A-A833-49D4-BF57-7B1A9238A6AE}
		{59C8DE8C-FB4E-4BFA-81FC-90B008FD970B} = {20F4379A-A833-49D4-BF57-7B1A9238A6AE}
		{E4A5DED9-ADB5-456E-89C6-E5A98CE46E9D} = {B85F3FB6-21AF-4F34-A386-94D9A8775A3C}
		{FBD2C779-C835-489D-8D37-2E4FA35E2BE5} = {B85F3FB6-21AF-4F34-A386-94D9A8775A3C}
		{DD6500FF-03A6-4A78-85D5-B5A53C8C33D2} = {B85F3FB6-21AF-4F34-A386-94D9A8775A3C}
		{47A6A63D-6112-43B3-AA41-8E915EEAC66A} = {BF42B0DA-4BD9-4320-B2FE-133851B11152}
		{FA3AB36D-7CF7-40E6-A1FF-9EC8D56DC834} = {BF603DC3-DE05-4B81-A6B9-3FFE0097142C}
		{E25EFA9F-347B-4314-B642-8E79D9164FDF} = {BF603DC3-DE05-4B81-A6B9-3FFE0097142C}
		{0EC421B8-06DA-489F-8A08-0CA2DA60BF6E} = {FC5CC87F-17D8-4EFF-BF50-C9E82221F1C9}
	EndGlobalSection
EndGlobal
